// !$*UTF8*$!
{
	archiveVersion = 1;
	classes = {
	};
	objectVersion = 55;
	objects = {

/* Begin PBXBuildFile section */
		C1B84B5428000C040098F679 /* AppDelegate.swift in Sources */ = {isa = PBXBuildFile; fileRef = C1B84B5328000C040098F679 /* AppDelegate.swift */; };
		C1B84B5628000C040098F679 /* SceneDelegate.swift in Sources */ = {isa = PBXBuildFile; fileRef = C1B84B5528000C040098F679 /* SceneDelegate.swift */; };
		C1B84B5828000C040098F679 /* ViewController.swift in Sources */ = {isa = PBXBuildFile; fileRef = C1B84B5728000C040098F679 /* ViewController.swift */; };
		C1B84B5B28000C040098F679 /* Main.storyboard in Resources */ = {isa = PBXBuildFile; fileRef = C1B84B5928000C040098F679 /* Main.storyboard */; };
		C1B84B5D28000C050098F679 /* Assets.xcassets in Resources */ = {isa = PBXBuildFile; fileRef = C1B84B5C28000C050098F679 /* Assets.xcassets */; };
		C1B84B6028000C050098F679 /* LaunchScreen.storyboard in Resources */ = {isa = PBXBuildFile; fileRef = C1B84B5E28000C050098F679 /* LaunchScreen.storyboard */; };
		C1B84B6B280013030098F679 /* WeatherTableViewCell.swift in Sources */ = {isa = PBXBuildFile; fileRef = C1B84B69280013030098F679 /* WeatherTableViewCell.swift */; };
		C1B84B6C280013030098F679 /* WeatherTableViewCell.xib in Resources */ = {isa = PBXBuildFile; fileRef = C1B84B6A280013030098F679 /* WeatherTableViewCell.xib */; };
		C1B84B6F280013250098F679 /* HourlyTableViewCell.swift in Sources */ = {isa = PBXBuildFile; fileRef = C1B84B6D280013250098F679 /* HourlyTableViewCell.swift */; };
		C1B84B70280013250098F679 /* HourlyTableViewCell.xib in Resources */ = {isa = PBXBuildFile; fileRef = C1B84B6E280013250098F679 /* HourlyTableViewCell.xib */; };
		C1B84B7428004EF50098F679 /* WeatherCollectionViewCell.swift in Sources */ = {isa = PBXBuildFile; fileRef = C1B84B7228004EF50098F679 /* WeatherCollectionViewCell.swift */; };
		C1B84B7528004EF50098F679 /* WeatherCollectionViewCell.xib in Resources */ = {isa = PBXBuildFile; fileRef = C1B84B7328004EF50098F679 /* WeatherCollectionViewCell.xib */; };
/* End PBXBuildFile section */

/* Begin PBXFileReference section */
		C1B84B5028000C040098F679 /* MyWeather.app */ = {isa = PBXFileReference; explicitFileType = wrapper.application; includeInIndex = 0; path = MyWeather.app; sourceTree = BUILT_PRODUCTS_DIR; };
		C1B84B5328000C040098F679 /* AppDelegate.swift */ = {isa = PBXFileReference; lastKnownFileType = sourcecode.swift; path = AppDelegate.swift; sourceTree = "<group>"; };
		C1B84B5528000C040098F679 /* SceneDelegate.swift */ = {isa = PBXFileReference; lastKnownFileType = sourcecode.swift; path = SceneDelegate.swift; sourceTree = "<group>"; };
		C1B84B5728000C040098F679 /* ViewController.swift */ = {isa = PBXFileReference; lastKnownFileType = sourcecode.swift; path = ViewController.swift; sourceTree = "<group>"; };
		C1B84B5A28000C040098F679 /* Base */ = {isa = PBXFileReference; lastKnownFileType = file.storyboard; name = Base; path = Base.lproj/Main.storyboard; sourceTree = "<group>"; };
		C1B84B5C28000C050098F679 /* Assets.xcassets */ = {isa = PBXFileReference; lastKnownFileType = folder.assetcatalog; path = Assets.xcassets; sourceTree = "<group>"; };
		C1B84B5F28000C050098F679 /* Base */ = {isa = PBXFileReference; lastKnownFileType = file.storyboard; name = Base; path = Base.lproj/LaunchScreen.storyboard; sourceTree = "<group>"; };
		C1B84B6128000C050098F679 /* Info.plist */ = {isa = PBXFileReference; lastKnownFileType = text.plist.xml; path = Info.plist; sourceTree = "<group>"; };
		C1B84B69280013030098F679 /* WeatherTableViewCell.swift */ = {isa = PBXFileReference; lastKnownFileType = sourcecode.swift; path = WeatherTableViewCell.swift; sourceTree = "<group>"; };
		C1B84B6A280013030098F679 /* WeatherTableViewCell.xib */ = {isa = PBXFileReference; lastKnownFileType = file.xib; path = WeatherTableViewCell.xib; sourceTree = "<group>"; };
		C1B84B6D280013250098F679 /* HourlyTableViewCell.swift */ = {isa = PBXFileReference; lastKnownFileType = sourcecode.swift; path = HourlyTableViewCell.swift; sourceTree = "<group>"; };
		C1B84B6E280013250098F679 /* HourlyTableViewCell.xib */ = {isa = PBXFileReference; lastKnownFileType = file.xib; path = HourlyTableViewCell.xib; sourceTree = "<group>"; };
		C1B84B7228004EF50098F679 /* WeatherCollectionViewCell.swift */ = {isa = PBXFileReference; lastKnownFileType = sourcecode.swift; path = WeatherCollectionViewCell.swift; sourceTree = "<group>"; };
		C1B84B7328004EF50098F679 /* WeatherCollectionViewCell.xib */ = {isa = PBXFileReference; lastKnownFileType = file.xib; path = WeatherCollectionViewCell.xib; sourceTree = "<group>"; };
/* End PBXFileReference section */

/* Begin PBXFrameworksBuildPhase section */
		C1B84B4D28000C040098F679 /* Frameworks */ = {
			isa = PBXFrameworksBuildPhase;
			buildActionMask = 2147483647;
			files = (
			);
			runOnlyForDeploymentPostprocessing = 0;
		};
/* End PBXFrameworksBuildPhase section */

/* Begin PBXGroup section */
		C1B84B4728000C040098F679 = {
			isa = PBXGroup;
			children = (
				C1B84B5228000C040098F679 /* MyWeather */,
				C1B84B5128000C040098F679 /* Products */,
			);
			sourceTree = "<group>";
		};
		C1B84B5128000C040098F679 /* Products */ = {
			isa = PBXGroup;
			children = (
				C1B84B5028000C040098F679 /* MyWeather.app */,
			);
			name = Products;
			sourceTree = "<group>";
		};
		C1B84B5228000C040098F679 /* MyWeather */ = {
			isa = PBXGroup;
			children = (
				C1B84B7128004EA90098F679 /* CollectionViewCell */,
				C1B84B68280012AF0098F679 /* HourlyCollectionCell */,
				C1B84B672800129C0098F679 /* WeatherCell */,
				C1B84B5328000C040098F679 /* AppDelegate.swift */,
				C1B84B5528000C040098F679 /* SceneDelegate.swift */,
				C1B84B5728000C040098F679 /* ViewController.swift */,
				C1B84B5928000C040098F679 /* Main.storyboard */,
				C1B84B5C28000C050098F679 /* Assets.xcassets */,
				C1B84B5E28000C050098F679 /* LaunchScreen.storyboard */,
				C1B84B6128000C050098F679 /* Info.plist */,
			);
			path = MyWeather;
			sourceTree = "<group>";
		};
		C1B84B672800129C0098F679 /* WeatherCell */ = {
			isa = PBXGroup;
			children = (
				C1B84B69280013030098F679 /* WeatherTableViewCell.swift */,
				C1B84B6A280013030098F679 /* WeatherTableViewCell.xib */,
			);
			path = WeatherCell;
			sourceTree = "<group>";
		};
		C1B84B68280012AF0098F679 /* HourlyCollectionCell */ = {
			isa = PBXGroup;
			children = (
				C1B84B6D280013250098F679 /* HourlyTableViewCell.swift */,
				C1B84B6E280013250098F679 /* HourlyTableViewCell.xib */,
			);
			path = HourlyCollectionCell;
			sourceTree = "<group>";
		};
		C1B84B7128004EA90098F679 /* CollectionViewCell */ = {
			isa = PBXGroup;
			children = (
				C1B84B7228004EF50098F679 /* WeatherCollectionViewCell.swift */,
				C1B84B7328004EF50098F679 /* WeatherCollectionViewCell.xib */,
			);
			path = CollectionViewCell;
			sourceTree = "<group>";
		};
/* End PBXGroup section */

/* Begin PBXNativeTarget section */
		C1B84B4F28000C040098F679 /* MyWeather */ = {
			isa = PBXNativeTarget;
			buildConfigurationList = C1B84B6428000C050098F679 /* Build configuration list for PBXNativeTarget "MyWeather" */;
			buildPhases = (
				C1B84B4C28000C040098F679 /* Sources */,
				C1B84B4D28000C040098F679 /* Frameworks */,
				C1B84B4E28000C040098F679 /* Resources */,
			);
			buildRules = (
			);
			dependencies = (
			);
			name = MyWeather;
			productName = MyWeather;
			productReference = C1B84B5028000C040098F679 /* MyWeather.app */;
			productType = "com.apple.product-type.application";
		};
/* End PBXNativeTarget section */

/* Begin PBXProject section */
		C1B84B4828000C040098F679 /* Project object */ = {
			isa = PBXProject;
			attributes = {
				BuildIndependentTargetsInParallel = 1;
				LastSwiftUpdateCheck = 1310;
				LastUpgradeCheck = 1310;
				TargetAttributes = {
					C1B84B4F28000C040098F679 = {
						CreatedOnToolsVersion = 13.1;
					};
				};
			};
			buildConfigurationList = C1B84B4B28000C040098F679 /* Build configuration list for PBXProject "MyWeather" */;
			compatibilityVersion = "Xcode 13.0";
			developmentRegion = en;
			hasScannedForEncodings = 0;
			knownRegions = (
				en,
				Base,
			);
			mainGroup = C1B84B4728000C040098F679;
			productRefGroup = C1B84B5128000C040098F679 /* Products */;
			projectDirPath = "";
			projectRoot = "";
			targets = (
				C1B84B4F28000C040098F679 /* MyWeather */,
			);
		};
/* End PBXProject section */

/* Begin PBXResourcesBuildPhase section */
		C1B84B4E28000C040098F679 /* Resources */ = {
			isa = PBXResourcesBuildPhase;
			buildActionMask = 2147483647;
			files = (
				C1B84B6C280013030098F679 /* WeatherTableViewCell.xib in Resources */,
				C1B84B70280013250098F679 /* HourlyTableViewCell.xib in Resources */,
				C1B84B6028000C050098F679 /* LaunchScreen.storyboard in Resources */,
				C1B84B5D28000C050098F679 /* Assets.xcassets in Resources */,
				C1B84B5B28000C040098F679 /* Main.storyboard in Resources */,
				C1B84B7528004EF50098F679 /* WeatherCollectionViewCell.xib in Resources */,
			);
			runOnlyForDeploymentPostprocessing = 0;
		};
/* End PBXResourcesBuildPhase section */

/* Begin PBXSourcesBuildPhase section */
		C1B84B4C28000C040098F679 /* Sources */ = {
			isa = PBXSourcesBuildPhase;
			buildActionMask = 2147483647;
			files = (
				C1B84B6B280013030098F679 /* WeatherTableViewCell.swift in Sources */,
				C1B84B5828000C040098F679 /* ViewController.swift in Sources */,
				C1B84B6F280013250098F679 /* HourlyTableViewCell.swift in Sources */,
				C1B84B7428004EF50098F679 /* WeatherCollectionViewCell.swift in Sources */,
				C1B84B5428000C040098F679 /* AppDelegate.swift in Sources */,
				C1B84B5628000C040098F679 /* SceneDelegate.swift in Sources */,
			);
			runOnlyForDeploymentPostprocessing = 0;
		};
/* End PBXSourcesBuildPhase section */

/* Begin PBXVariantGroup section */
		C1B84B5928000C040098F679 /* Main.storyboard */ = {
			isa = PBXVariantGroup;
			children = (
				C1B84B5A28000C040098F679 /* Base */,
			);
			name = Main.storyboard;
			sourceTree = "<group>";
		};
		C1B84B5E28000C050098F679 /* LaunchScreen.storyboard */ = {
			isa = PBXVariantGroup;
			children = (
				C1B84B5F28000C050098F679 /* Base */,
			);
			name = LaunchScreen.storyboard;
			sourceTree = "<group>";
		};
/* End PBXVariantGroup section */

/* Begin XCBuildConfiguration section */
		C1B84B6228000C050098F679 /* Debug */ = {
			isa = XCBuildConfiguration;
			buildSettings = {
				ALWAYS_SEARCH_USER_PATHS = NO;
				CLANG_ANALYZER_NONNULL = YES;
				CLANG_ANALYZER_NUMBER_OBJECT_CONVERSION = YES_AGGRESSIVE;
				CLANG_CXX_LANGUAGE_STANDARD = "gnu++17";
				CLANG_CXX_LIBRARY = "libc++";
				CLANG_ENABLE_MODULES = YES;
				CLANG_ENABLE_OBJC_ARC = YES;
				CLANG_ENABLE_OBJC_WEAK = YES;
				CLANG_WARN_BLOCK_CAPTURE_AUTORELEASING = YES;
				CLANG_WARN_BOOL_CONVERSION = YES;
				CLANG_WARN_COMMA = YES;
				CLANG_WARN_CONSTANT_CONVERSION = YES;
				CLANG_WARN_DEPRECATED_OBJC_IMPLEMENTATIONS = YES;
				CLANG_WARN_DIRECT_OBJC_ISA_USAGE = YES_ERROR;
				CLANG_WARN_DOCUMENTATION_COMMENTS = YES;
				CLANG_WARN_EMPTY_BODY = YES;
				CLANG_WARN_ENUM_CONVERSION = YES;
				CLANG_WARN_INFINITE_RECURSION = YES;
				CLANG_WARN_INT_CONVERSION = YES;
				CLANG_WARN_NON_LITERAL_NULL_CONVERSION = YES;
				CLANG_WARN_OBJC_IMPLICIT_RETAIN_SELF = YES;
				CLANG_WARN_OBJC_LITERAL_CONVERSION = YES;
				CLANG_WARN_OBJC_ROOT_CLASS = YES_ERROR;
				CLANG_WARN_QUOTED_INCLUDE_IN_FRAMEWORK_HEADER = YES;
				CLANG_WARN_RANGE_LOOP_ANALYSIS = YES;
				CLANG_WARN_STRICT_PROTOTYPES = YES;
				CLANG_WARN_SUSPICIOUS_MOVE = YES;
				CLANG_WARN_UNGUARDED_AVAILABILITY = YES_AGGRESSIVE;
				CLANG_WARN_UNREACHABLE_CODE = YES;
				CLANG_WARN__DUPLICATE_METHOD_MATCH = YES;
				COPY_PHASE_STRIP = NO;
				DEBUG_INFORMATION_FORMAT = dwarf;
				ENABLE_STRICT_OBJC_MSGSEND = YES;
				ENABLE_TESTABILITY = YES;
				GCC_C_LANGUAGE_STANDARD = gnu11;
				GCC_DYNAMIC_NO_PIC = NO;
				GCC_NO_COMMON_BLOCKS = YES;
				GCC_OPTIMIZATION_LEVEL = 0;
				GCC_PREPROCESSOR_DEFINITIONS = (
					"DEBUG=1",
					"$(inherited)",
				);
				GCC_WARN_64_TO_32_BIT_CONVERSION = YES;
				GCC_WARN_ABOUT_RETURN_TYPE = YES_ERROR;
				GCC_WARN_UNDECLARED_SELECTOR = YES;
				GCC_WARN_UNINITIALIZED_AUTOS = YES_AGGRESSIVE;
				GCC_WARN_UNUSED_FUNCTION = YES;
				GCC_WARN_UNUSED_VARIABLE = YES;
				IPHONEOS_DEPLOYMENT_TARGET = 15.0;
				MTL_ENABLE_DEBUG_INFO = INCLUDE_SOURCE;
				MTL_FAST_MATH = YES;
				ONLY_ACTIVE_ARCH = YES;
				SDKROOT = iphoneos;
				SWIFT_ACTIVE_COMPILATION_CONDITIONS = DEBUG;
				SWIFT_OPTIMIZATION_LEVEL = "-Onone";
			};
			name = Debug;
		};
		C1B84B6328000C050098F679 /* Release */ = {
			isa = XCBuildConfiguration;
			buildSettings = {
				ALWAYS_SEARCH_USER_PATHS = NO;
				CLANG_ANALYZER_NONNULL = YES;
				CLANG_ANALYZER_NUMBER_OBJECT_CONVERSION = YES_AGGRESSIVE;
				CLANG_CXX_LANGUAGE_STANDARD = "gnu++17";
				CLANG_CXX_LIBRARY = "libc++";
				CLANG_ENABLE_MODULES = YES;
				CLANG_ENABLE_OBJC_ARC = YES;
				CLANG_ENABLE_OBJC_WEAK = YES;
				CLANG_WARN_BLOCK_CAPTURE_AUTORELEASING = YES;
				CLANG_WARN_BOOL_CONVERSION = YES;
				CLANG_WARN_COMMA = YES;
				CLANG_WARN_CONSTANT_CONVERSION = YES;
				CLANG_WARN_DEPRECATED_OBJC_IMPLEMENTATIONS = YES;
				CLANG_WARN_DIRECT_OBJC_ISA_USAGE = YES_ERROR;
				CLANG_WARN_DOCUMENTATION_COMMENTS = YES;
				CLANG_WARN_EMPTY_BODY = YES;
				CLANG_WARN_ENUM_CONVERSION = YES;
				CLANG_WARN_INFINITE_RECURSION = YES;
				CLANG_WARN_INT_CONVERSION = YES;
				CLANG_WARN_NON_LITERAL_NULL_CONVERSION = YES;
				CLANG_WARN_OBJC_IMPLICIT_RETAIN_SELF = YES;
				CLANG_WARN_OBJC_LITERAL_CONVERSION = YES;
				CLANG_WARN_OBJC_ROOT_CLASS = YES_ERROR;
				CLANG_WARN_QUOTED_INCLUDE_IN_FRAMEWORK_HEADER = YES;
				CLANG_WARN_RANGE_LOOP_ANALYSIS = YES;
				CLANG_WARN_STRICT_PROTOTYPES = YES;
				CLANG_WARN_SUSPICIOUS_MOVE = YES;
				CLANG_WARN_UNGUARDED_AVAILABILITY = YES_AGGRESSIVE;
				CLANG_WARN_UNREACHABLE_CODE = YES;
				CLANG_WARN__DUPLICATE_METHOD_MATCH = YES;
				COPY_PHASE_STRIP = NO;
				DEBUG_INFORMATION_FORMAT = "dwarf-with-dsym";
				ENABLE_NS_ASSERTIONS = NO;
				ENABLE_STRICT_OBJC_MSGSEND = YES;
				GCC_C_LANGUAGE_STANDARD = gnu11;
				GCC_NO_COMMON_BLOCKS = YES;
				GCC_WARN_64_TO_32_BIT_CONVERSION = YES;
				GCC_WARN_ABOUT_RETURN_TYPE = YES_ERROR;
				GCC_WARN_UNDECLARED_SELECTOR = YES;
				GCC_WARN_UNINITIALIZED_AUTOS = YES_AGGRESSIVE;
				GCC_WARN_UNUSED_FUNCTION = YES;
				GCC_WARN_UNUSED_VARIABLE = YES;
				IPHONEOS_DEPLOYMENT_TARGET = 15.0;
				MTL_ENABLE_DEBUG_INFO = NO;
				MTL_FAST_MATH = YES;
				SDKROOT = iphoneos;
				SWIFT_COMPILATION_MODE = wholemodule;
				SWIFT_OPTIMIZATION_LEVEL = "-O";
				VALIDATE_PRODUCT = YES;
			};
			name = Release;
		};
		C1B84B6528000C050098F679 /* Debug */ = {
			isa = XCBuildConfiguration;
			buildSettings = {
				ASSETCATALOG_COMPILER_APPICON_NAME = AppIcon;
				ASSETCATALOG_COMPILER_GLOBAL_ACCENT_COLOR_NAME = AccentColor;
				CODE_SIGN_STYLE = Automatic;
				CURRENT_PROJECT_VERSION = 1;
				GENERATE_INFOPLIST_FILE = YES;
				INFOPLIST_FILE = MyWeather/Info.plist;
				INFOPLIST_KEY_UIApplicationSupportsIndirectInputEvents = YES;
				INFOPLIST_KEY_UILaunchStoryboardName = LaunchScreen;
				INFOPLIST_KEY_UIMainStoryboardFile = Main;
				INFOPLIST_KEY_UISupportedInterfaceOrientations_iPad = "UIInterfaceOrientationPortrait UIInterfaceOrientationPortraitUpsideDown UIInterfaceOrientationLandscapeLeft UIInterfaceOrientationLandscapeRight";
				INFOPLIST_KEY_UISupportedInterfaceOrientations_iPhone = "UIInterfaceOrientationPortrait UIInterfaceOrientationLandscapeLeft UIInterfaceOrientationLandscapeRight";
				LD_RUNPATH_SEARCH_PATHS = (
					"$(inherited)",
					"@executable_path/Frameworks",
				);
				MARKETING_VERSION = 1.0;
				PRODUCT_BUNDLE_IDENTIFIER = hh.MyWeather;
				PRODUCT_NAME = "$(TARGET_NAME)";
				SWIFT_EMIT_LOC_STRINGS = YES;
				SWIFT_VERSION = 5.0;
				TARGETED_DEVICE_FAMILY = "1,2";
			};
			name = Debug;
		};
		C1B84B6628000C050098F679 /* Release */ = {
			isa = XCBuildConfiguration;
			buildSettings = {
				ASSETCATALOG_COMPILER_APPICON_NAME = AppIcon;
				ASSETCATALOG_COMPILER_GLOBAL_ACCENT_COLOR_NAME = AccentColor;
				CODE_SIGN_STYLE = Automatic;
				CURRENT_PROJECT_VERSION = 1;
				GENERATE_INFOPLIST_FILE = YES;
				INFOPLIST_FILE = MyWeather/Info.plist;
				INFOPLIST_KEY_UIApplicationSupportsIndirectInputEvents = YES;
				INFOPLIST_KEY_UILaunchStoryboardName = LaunchScreen;
				INFOPLIST_KEY_UIMainStoryboardFile = Main;
				INFOPLIST_KEY_UISupportedInterfaceOrientations_iPad = "UIInterfaceOrientationPortrait UIInterfaceOrientationPortraitUpsideDown UIInterfaceOrientationLandscapeLeft UIInterfaceOrientationLandscapeRight";
				INFOPLIST_KEY_UISupportedInterfaceOrientations_iPhone = "UIInterfaceOrientationPortrait UIInterfaceOrientationLandscapeLeft UIInterfaceOrientationLandscapeRight";
				LD_RUNPATH_SEARCH_PATHS = (
					"$(inherited)",
					"@executable_path/Frameworks",
				);
				MARKETING_VERSION = 1.0;
				PRODUCT_BUNDLE_IDENTIFIER = hh.MyWeather;
				PRODUCT_NAME = "$(TARGET_NAME)";
				SWIFT_EMIT_LOC_STRINGS = YES;
				SWIFT_VERSION = 5.0;
				TARGETED_DEVICE_FAMILY = "1,2";
			};
			name = Release;
		};
/* End XCBuildConfiguration section */

/* Begin XCConfigurationList section */
		C1B84B4B28000C040098F679 /* Build configuration list for PBXProject "MyWeather" */ = {
			isa = XCConfigurationList;
			buildConfigurations = (
				C1B84B6228000C050098F679 /* Debug */,
				C1B84B6328000C050098F679 /* Release */,
			);
			defaultConfigurationIsVisible = 0;
			defaultConfigurationName = Release;
		};
		C1B84B6428000C050098F679 /* Build configuration list for PBXNativeTarget "MyWeather" */ = {
			isa = XCConfigurationList;
			buildConfigurations = (
				C1B84B6528000C050098F679 /* Debug */,
				C1B84B6628000C050098F679 /* Release */,
			);
			defaultConfigurationIsVisible = 0;
			defaultConfigurationName = Release;
		};
/* End XCConfigurationList section */
	};
	rootObject = C1B84B4828000C040098F679 /* Project object */;
}
